
Microsoft Visual Studio Solution File, Format Version 12.00
# Visual Studio Version 17
VisualStudioVersion = 17.13.35825.156 d17.13
MinimumVisualStudioVersion = 10.0.40219.1
Project("{FAE04EC0-301F-11D3-BF4B-00C04F79EFBC}") = "DogusOdev", "DogusOdev\DogusOdev.csproj", "{87F1834E-404E-4D63-BB0D-BA7178B07C63}"
EndProject
Global
	GlobalSection(SolutionConfigurationPlatforms) = preSolution
		Debug|Any CPU = Debug|Any CPU
		Release|Any CPU = Release|Any CPU
	EndGlobalSection
	GlobalSection(ProjectConfigurationPlatforms) = postSolution
		{87F1834E-404E-4D63-BB0D-BA7178B07C63}.Debug|Any CPU.ActiveCfg = Debug|Any CPU
		{87F1834E-404E-4D63-BB0D-BA7178B07C63}.Debug|Any CPU.Build.0 = Debug|Any CPU
		{87F1834E-404E-4D63-BB0D-BA7178B07C63}.Release|Any CPU.ActiveCfg = Release|Any CPU
		{87F1834E-404E-4D63-BB0D-BA7178B07C63}.Release|Any CPU.Build.0 = Release|Any CPU
	EndGlobalSection
	GlobalSection(SolutionProperties) = preSolution
		HideSolutionNode = FALSE
	EndGlobalSection
	GlobalSection(ExtensibilityGlobals) = postSolution
		SolutionGuid = {31AEB5C4-C927-4066-9EAA-4538051189A8}
	EndGlobalSection
EndGlobal
